
Microsoft Visual Studio Solution File, Format Version 12.00
# Visual Studio 15
VisualStudioVersion = 15.0.26124.0
MinimumVisualStudioVersion = 15.0.26124.0
Project("{FAE04EC0-301F-11D3-BF4B-00C04F79EFBC}") = "Domain", "Domain\Domain.csproj", "{47B88FDC-F17D-4D38-8788-383EB28B9A2D}"
EndProject
Project("{FAE04EC0-301F-11D3-BF4B-00C04F79EFBC}") = "Application", "Application\Application.csproj", "{9239BA92-1E10-4545-AFAC-E0F0C0D1D96F}"
EndProject
Project("{FAE04EC0-301F-11D3-BF4B-00C04F79EFBC}") = "Persistence", "Persistence\Persistence.csproj", "{8A1C9A4C-5B7B-474A-80AB-548E1C6B4B1B}"
EndProject
Project("{FAE04EC0-301F-11D3-BF4B-00C04F79EFBC}") = "API", "API\API.csproj", "{D72708B1-DBBA-4DA8-8AA1-3B42FEB242F4}"
EndProject
Global
	GlobalSection(SolutionConfigurationPlatforms) = preSolution
		Debug|Any CPU = Debug|Any CPU
		Debug|x64 = Debug|x64
		Debug|x86 = Debug|x86
		Release|Any CPU = Release|Any CPU
		Release|x64 = Release|x64
		Release|x86 = Release|x86
	EndGlobalSection
	GlobalSection(SolutionProperties) = preSolution
		HideSolutionNode = FALSE
	EndGlobalSection
	GlobalSection(ProjectConfigurationPlatforms) = postSolution
		{47B88FDC-F17D-4D38-8788-383EB28B9A2D}.Debug|Any CPU.ActiveCfg = Debug|Any CPU
		{47B88FDC-F17D-4D38-8788-383EB28B9A2D}.Debug|Any CPU.Build.0 = Debug|Any CPU
		{47B88FDC-F17D-4D38-8788-383EB28B9A2D}.Debug|x64.ActiveCfg = Debug|Any CPU
		{47B88FDC-F17D-4D38-8788-383EB28B9A2D}.Debug|x64.Build.0 = Debug|Any CPU
		{47B88FDC-F17D-4D38-8788-383EB28B9A2D}.Debug|x86.ActiveCfg = Debug|Any CPU
		{47B88FDC-F17D-4D38-8788-383EB28B9A2D}.Debug|x86.Build.0 = Debug|Any CPU
		{47B88FDC-F17D-4D38-8788-383EB28B9A2D}.Release|Any CPU.ActiveCfg = Release|Any CPU
		{47B88FDC-F17D-4D38-8788-383EB28B9A2D}.Release|Any CPU.Build.0 = Release|Any CPU
		{47B88FDC-F17D-4D38-8788-383EB28B9A2D}.Release|x64.ActiveCfg = Release|Any CPU
		{47B88FDC-F17D-4D38-8788-383EB28B9A2D}.Release|x64.Build.0 = Release|Any CPU
		{47B88FDC-F17D-4D38-8788-383EB28B9A2D}.Release|x86.ActiveCfg = Release|Any CPU
		{47B88FDC-F17D-4D38-8788-383EB28B9A2D}.Release|x86.Build.0 = Release|Any CPU
		{9239BA92-1E10-4545-AFAC-E0F0C0D1D96F}.Debug|Any CPU.ActiveCfg = Debug|Any CPU
		{9239BA92-1E10-4545-AFAC-E0F0C0D1D96F}.Debug|Any CPU.Build.0 = Debug|Any CPU
		{9239BA92-1E10-4545-AFAC-E0F0C0D1D96F}.Debug|x64.ActiveCfg = Debug|Any CPU
		{9239BA92-1E10-4545-AFAC-E0F0C0D1D96F}.Debug|x64.Build.0 = Debug|Any CPU
		{9239BA92-1E10-4545-AFAC-E0F0C0D1D96F}.Debug|x86.ActiveCfg = Debug|Any CPU
		{9239BA92-1E10-4545-AFAC-E0F0C0D1D96F}.Debug|x86.Build.0 = Debug|Any CPU
		{9239BA92-1E10-4545-AFAC-E0F0C0D1D96F}.Release|Any CPU.ActiveCfg = Release|Any CPU
		{9239BA92-1E10-4545-AFAC-E0F0C0D1D96F}.Release|Any CPU.Build.0 = Release|Any CPU
		{9239BA92-1E10-4545-AFAC-E0F0C0D1D96F}.Release|x64.ActiveCfg = Release|Any CPU
		{9239BA92-1E10-4545-AFAC-E0F0C0D1D96F}.Release|x64.Build.0 = Release|Any CPU
		{9239BA92-1E10-4545-AFAC-E0F0C0D1D96F}.Release|x86.ActiveCfg = Release|Any CPU
		{9239BA92-1E10-4545-AFAC-E0F0C0D1D96F}.Release|x86.Build.0 = Release|Any CPU
		{8A1C9A4C-5B7B-474A-80AB-548E1C6B4B1B}.Debug|Any CPU.ActiveCfg = Debug|Any CPU
		{8A1C9A4C-5B7B-474A-80AB-548E1C6B4B1B}.Debug|Any CPU.Build.0 = Debug|Any CPU
		{8A1C9A4C-5B7B-474A-80AB-548E1C6B4B1B}.Debug|x64.ActiveCfg = Debug|Any CPU
		{8A1C9A4C-5B7B-474A-80AB-548E1C6B4B1B}.Debug|x64.Build.0 = Debug|Any CPU
		{8A1C9A4C-5B7B-474A-80AB-548E1C6B4B1B}.Debug|x86.ActiveCfg = Debug|Any CPU
		{8A1C9A4C-5B7B-474A-80AB-548E1C6B4B1B}.Debug|x86.Build.0 = Debug|Any CPU
		{8A1C9A4C-5B7B-474A-80AB-548E1C6B4B1B}.Release|Any CPU.ActiveCfg = Release|Any CPU
		{8A1C9A4C-5B7B-474A-80AB-548E1C6B4B1B}.Release|Any CPU.Build.0 = Release|Any CPU
		{8A1C9A4C-5B7B-474A-80AB-548E1C6B4B1B}.Release|x64.ActiveCfg = Release|Any CPU
		{8A1C9A4C-5B7B-474A-80AB-548E1C6B4B1B}.Release|x64.Build.0 = Release|Any CPU
		{8A1C9A4C-5B7B-474A-80AB-548E1C6B4B1B}.Release|x86.ActiveCfg = Release|Any CPU
		{8A1C9A4C-5B7B-474A-80AB-548E1C6B4B1B}.Release|x86.Build.0 = Release|Any CPU
		{D72708B1-DBBA-4DA8-8AA1-3B42FEB242F4}.Debug|Any CPU.ActiveCfg = Debug|Any CPU
		{D72708B1-DBBA-4DA8-8AA1-3B42FEB242F4}.Debug|Any CPU.Build.0 = Debug|Any CPU
		{D72708B1-DBBA-4DA8-8AA1-3B42FEB242F4}.Debug|x64.ActiveCfg = Debug|Any CPU
		{D72708B1-DBBA-4DA8-8AA1-3B42FEB242F4}.Debug|x64.Build.0 = Debug|Any CPU
		{D72708B1-DBBA-4DA8-8AA1-3B42FEB242F4}.Debug|x86.ActiveCfg = Debug|Any CPU
		{D72708B1-DBBA-4DA8-8AA1-3B42FEB242F4}.Debug|x86.Build.0 = Debug|Any CPU
		{D72708B1-DBBA-4DA8-8AA1-3B42FEB242F4}.Release|Any CPU.ActiveCfg = Release|Any CPU
		{D72708B1-DBBA-4DA8-8AA1-3B42FEB242F4}.Release|Any CPU.Build.0 = Release|Any CPU
		{D72708B1-DBBA-4DA8-8AA1-3B42FEB242F4}.Release|x64.ActiveCfg = Release|Any CPU
		{D72708B1-DBBA-4DA8-8AA1-3B42FEB242F4}.Release|x64.Build.0 = Release|Any CPU
		{D72708B1-DBBA-4DA8-8AA1-3B42FEB242F4}.Release|x86.ActiveCfg = Release|Any CPU
		{D72708B1-DBBA-4DA8-8AA1-3B42FEB242F4}.Release|x86.Build.0 = Release|Any CPU
	EndGlobalSection
EndGlobal
